{
  "version": "5",
  "redirects": {
    "https://esm.sh/@supabase/supabase-js@2": "https://esm.sh/@supabase/supabase-js@2.117.2"
  },
  "remote": {
    "https://esm.sh/@supabase/supabase-js@2.117.2": "6da4477d96ad4392b5a8be8f423384a3812cdd651df483e433ba422a69ff879b"
  },
  "workspace": {
    "packageJson": {
      "dependencies": [
        "npm:@supabase/supabase-js@^2.117.2",
        "npm:@types/react-dom@^19.2.4",
        "npm:@types/react@^19.2.18",
        "npm:@vitejs/plugin-react@^6.1.0",
        "npm:bootstrap@^5.3.8",
        "npm:oxlint@^1.79.0",
        "npm:react-bootstrap@^2.10.10",
        "npm:react-dom@^19.2.8",
        "npm:react-router-dom@^7.18.3",
        "npm:react@^19.2.8",
        "npm:vite@^8.2.2"
      ]
    }
  }
}
